// !$*UTF8*$!
{
	archiveVersion = 1;
	classes = {
	};
	objectVersion = 56;
	objects = {

/* Begin PBXBuildFile section */
		850197F32C8B1ED7000BA900 /* spotify_cloneApp.swift in Sources */ = {isa = PBXBuildFile; fileRef = 850197F22C8B1ED7000BA900 /* spotify_cloneApp.swift */; };
		850197F52C8B1ED7000BA900 /* ContentView.swift in Sources */ = {isa = PBXBuildFile; fileRef = 850197F42C8B1ED7000BA900 /* ContentView.swift */; };
		850197F72C8B1ED8000BA900 /* Assets.xcassets in Resources */ = {isa = PBXBuildFile; fileRef = 850197F62C8B1ED8000BA900 /* Assets.xcassets */; };
		850197FB2C8B1ED8000BA900 /* Preview Assets.xcassets in Resources */ = {isa = PBXBuildFile; fileRef = 850197FA2C8B1ED8000BA900 /* Preview Assets.xcassets */; };
		850198052C8B1ED8000BA900 /* spotify_cloneTests.swift in Sources */ = {isa = PBXBuildFile; fileRef = 850198042C8B1ED8000BA900 /* spotify_cloneTests.swift */; };
		8501980F2C8B1ED8000BA900 /* spotify_cloneUITests.swift in Sources */ = {isa = PBXBuildFile; fileRef = 8501980E2C8B1ED8000BA900 /* spotify_cloneUITests.swift */; };
		850198112C8B1ED8000BA900 /* spotify_cloneUITestsLaunchTests.swift in Sources */ = {isa = PBXBuildFile; fileRef = 850198102C8B1ED8000BA900 /* spotify_cloneUITestsLaunchTests.swift */; };
/* End PBXBuildFile section */

/* Begin PBXContainerItemProxy section */
		850198012C8B1ED8000BA900 /* PBXContainerItemProxy */ = {
			isa = PBXContainerItemProxy;
			containerPortal = 850197E72C8B1ED7000BA900 /* Project object */;
			proxyType = 1;
			remoteGlobalIDString = 850197EE2C8B1ED7000BA900;
			remoteInfo = spotify_clone;
		};
		8501980B2C8B1ED8000BA900 /* PBXContainerItemProxy */ = {
			isa = PBXContainerItemProxy;
			containerPortal = 850197E72C8B1ED7000BA900 /* Project object */;
			proxyType = 1;
			remoteGlobalIDString = 850197EE2C8B1ED7000BA900;
			remoteInfo = spotify_clone;
		};
/* End PBXContainerItemProxy section */

/* Begin PBXFileReference section */
		850197EF2C8B1ED7000BA900 /* spotify_clone.app */ = {isa = PBXFileReference; explicitFileType = wrapper.application; includeInIndex = 0; path = spotify_clone.app; sourceTree = BUILT_PRODUCTS_DIR; };
		850197F22C8B1ED7000BA900 /* spotify_cloneApp.swift */ = {isa = PBXFileReference; lastKnownFileType = sourcecode.swift; path = spotify_cloneApp.swift; sourceTree = "<group>"; };
		850197F42C8B1ED7000BA900 /* ContentView.swift */ = {isa = PBXFileReference; lastKnownFileType = sourcecode.swift; path = ContentView.swift; sourceTree = "<group>"; };
		850197F62C8B1ED8000BA900 /* Assets.xcassets */ = {isa = PBXFileReference; lastKnownFileType = folder.assetcatalog; path = Assets.xcassets; sourceTree = "<group>"; };
		850197F82C8B1ED8000BA900 /* spotify_clone.entitlements */ = {isa = PBXFileReference; lastKnownFileType = text.plist.entitlements; path = spotify_clone.entitlements; sourceTree = "<group>"; };
		850197FA2C8B1ED8000BA900 /* Preview Assets.xcassets */ = {isa = PBXFileReference; lastKnownFileType = folder.assetcatalog; path = "Preview Assets.xcassets"; sourceTree = "<group>"; };
		850198002C8B1ED8000BA900 /* spotify_cloneTests.xctest */ = {isa = PBXFileReference; explicitFileType = wrapper.cfbundle; includeInIndex = 0; path = spotify_cloneTests.xctest; sourceTree = BUILT_PRODUCTS_DIR; };
		850198042C8B1ED8000BA900 /* spotify_cloneTests.swift */ = {isa = PBXFileReference; lastKnownFileType = sourcecode.swift; path = spotify_cloneTests.swift; sourceTree = "<group>"; };
		8501980A2C8B1ED8000BA900 /* spotify_cloneUITests.xctest */ = {isa = PBXFileReference; explicitFileType = wrapper.cfbundle; includeInIndex = 0; path = spotify_cloneUITests.xctest; sourceTree = BUILT_PRODUCTS_DIR; };
		8501980E2C8B1ED8000BA900 /* spotify_cloneUITests.swift */ = {isa = PBXFileReference; lastKnownFileType = sourcecode.swift; path = spotify_cloneUITests.swift; sourceTree = "<group>"; };
		850198102C8B1ED8000BA900 /* spotify_cloneUITestsLaunchTests.swift */ = {isa = PBXFileReference; lastKnownFileType = sourcecode.swift; path = spotify_cloneUITestsLaunchTests.swift; sourceTree = "<group>"; };
/* End PBXFileReference section */

/* Begin PBXFrameworksBuildPhase section */
		850197EC2C8B1ED7000BA900 /* Frameworks */ = {
			isa = PBXFrameworksBuildPhase;
			buildActionMask = 2147483647;
			files = (
			);
			runOnlyForDeploymentPostprocessing = 0;
		};
		850197FD2C8B1ED8000BA900 /* Frameworks */ = {
			isa = PBXFrameworksBuildPhase;
			buildActionMask = 2147483647;
			files = (
			);
			runOnlyForDeploymentPostprocessing = 0;
		};
		850198072C8B1ED8000BA900 /* Frameworks */ = {
			isa = PBXFrameworksBuildPhase;
			buildActionMask = 2147483647;
			files = (
			);
			runOnlyForDeploymentPostprocessing = 0;
		};
/* End PBXFrameworksBuildPhase section */

/* Begin PBXGroup section */
		850197E62C8B1ED7000BA900 = {
			isa = PBXGroup;
			children = (
				850197F12C8B1ED7000BA900 /* spotify_clone */,
				850198032C8B1ED8000BA900 /* spotify_cloneTests */,
				8501980D2C8B1ED8000BA900 /* spotify_cloneUITests */,
				850197F02C8B1ED7000BA900 /* Products */,
			);
			sourceTree = "<group>";
		};
		850197F02C8B1ED7000BA900 /* Products */ = {
			isa = PBXGroup;
			children = (
				850197EF2C8B1ED7000BA900 /* spotify_clone.app */,
				850198002C8B1ED8000BA900 /* spotify_cloneTests.xctest */,
				8501980A2C8B1ED8000BA900 /* spotify_cloneUITests.xctest */,
			);
			name = Products;
			sourceTree = "<group>";
		};
		850197F12C8B1ED7000BA900 /* spotify_clone */ = {
			isa = PBXGroup;
			children = (
				850197F22C8B1ED7000BA900 /* spotify_cloneApp.swift */,
				850197F42C8B1ED7000BA900 /* ContentView.swift */,
				850197F62C8B1ED8000BA900 /* Assets.xcassets */,
				850197F82C8B1ED8000BA900 /* spotify_clone.entitlements */,
				850197F92C8B1ED8000BA900 /* Preview Content */,
			);
			path = spotify_clone;
			sourceTree = "<group>";
		};
		850197F92C8B1ED8000BA900 /* Preview Content */ = {
			isa = PBXGroup;
			children = (
				850197FA2C8B1ED8000BA900 /* Preview Assets.xcassets */,
			);
			path = "Preview Content";
			sourceTree = "<group>";
		};
		850198032C8B1ED8000BA900 /* spotify_cloneTests */ = {
			isa = PBXGroup;
			children = (
				850198042C8B1ED8000BA900 /* spotify_cloneTests.swift */,
			);
			path = spotify_cloneTests;
			sourceTree = "<group>";
		};
		8501980D2C8B1ED8000BA900 /* spotify_cloneUITests */ = {
			isa = PBXGroup;
			children = (
				8501980E2C8B1ED8000BA900 /* spotify_cloneUITests.swift */,
				850198102C8B1ED8000BA900 /* spotify_cloneUITestsLaunchTests.swift */,
			);
			path = spotify_cloneUITests;
			sourceTree = "<group>";
		};
/* End PBXGroup section */

/* Begin PBXNativeTarget section */
		850197EE2C8B1ED7000BA900 /* spotify_clone */ = {
			isa = PBXNativeTarget;
			buildConfigurationList = 850198142C8B1ED8000BA900 /* Build configuration list for PBXNativeTarget "spotify_clone" */;
			buildPhases = (
				850197EB2C8B1ED7000BA900 /* Sources */,
				850197EC2C8B1ED7000BA900 /* Frameworks */,
				850197ED2C8B1ED7000BA900 /* Resources */,
			);
			buildRules = (
			);
			dependencies = (
			);
			name = spotify_clone;
			productName = spotify_clone;
			productReference = 850197EF2C8B1ED7000BA900 /* spotify_clone.app */;
			productType = "com.apple.product-type.application";
		};
		850197FF2C8B1ED8000BA900 /* spotify_cloneTests */ = {
			isa = PBXNativeTarget;
			buildConfigurationList = 850198172C8B1ED8000BA900 /* Build configuration list for PBXNativeTarget "spotify_cloneTests" */;
			buildPhases = (
				850197FC2C8B1ED8000BA900 /* Sources */,
				850197FD2C8B1ED8000BA900 /* Frameworks */,
				850197FE2C8B1ED8000BA900 /* Resources */,
			);
			buildRules = (
			);
			dependencies = (
				850198022C8B1ED8000BA900 /* PBXTargetDependency */,
			);
			name = spotify_cloneTests;
			productName = spotify_cloneTests;
			productReference = 850198002C8B1ED8000BA900 /* spotify_cloneTests.xctest */;
			productType = "com.apple.product-type.bundle.unit-test";
		};
		850198092C8B1ED8000BA900 /* spotify_cloneUITests */ = {
			isa = PBXNativeTarget;
			buildConfigurationList = 8501981A2C8B1ED8000BA900 /* Build configuration list for PBXNativeTarget "spotify_cloneUITests" */;
			buildPhases = (
				850198062C8B1ED8000BA900 /* Sources */,
				850198072C8B1ED8000BA900 /* Frameworks */,
				850198082C8B1ED8000BA900 /* Resources */,
			);
			buildRules = (
			);
			dependencies = (
				8501980C2C8B1ED8000BA900 /* PBXTargetDependency */,
			);
			name = spotify_cloneUITests;
			productName = spotify_cloneUITests;
			productReference = 8501980A2C8B1ED8000BA900 /* spotify_cloneUITests.xctest */;
			productType = "com.apple.product-type.bundle.ui-testing";
		};
/* End PBXNativeTarget section */

/* Begin PBXProject section */
		850197E72C8B1ED7000BA900 /* Project object */ = {
			isa = PBXProject;
			attributes = {
				BuildIndependentTargetsInParallel = 1;
				LastSwiftUpdateCheck = 1540;
				LastUpgradeCheck = 1540;
				TargetAttributes = {
					850197EE2C8B1ED7000BA900 = {
						CreatedOnToolsVersion = 15.4;
					};
					850197FF2C8B1ED8000BA900 = {
						CreatedOnToolsVersion = 15.4;
						TestTargetID = 850197EE2C8B1ED7000BA900;
					};
					850198092C8B1ED8000BA900 = {
						CreatedOnToolsVersion = 15.4;
						TestTargetID = 850197EE2C8B1ED7000BA900;
					};
				};
			};
			buildConfigurationList = 850197EA2C8B1ED7000BA900 /* Build configuration list for PBXProject "spotify_clone" */;
			compatibilityVersion = "Xcode 14.0";
			developmentRegion = en;
			hasScannedForEncodings = 0;
			knownRegions = (
				en,
				Base,
			);
			mainGroup = 850197E62C8B1ED7000BA900;
			productRefGroup = 850197F02C8B1ED7000BA900 /* Products */;
			projectDirPath = "";
			projectRoot = "";
			targets = (
				850197EE2C8B1ED7000BA900 /* spotify_clone */,
				850197FF2C8B1ED8000BA900 /* spotify_cloneTests */,
				850198092C8B1ED8000BA900 /* spotify_cloneUITests */,
			);
		};
/* End PBXProject section */

/* Begin PBXResourcesBuildPhase section */
		850197ED2C8B1ED7000BA900 /* Resources */ = {
			isa = PBXResourcesBuildPhase;
			buildActionMask = 2147483647;
			files = (
				850197FB2C8B1ED8000BA900 /* Preview Assets.xcassets in Resources */,
				850197F72C8B1ED8000BA900 /* Assets.xcassets in Resources */,
			);
			runOnlyForDeploymentPostprocessing = 0;
		};
		850197FE2C8B1ED8000BA900 /* Resources */ = {
			isa = PBXResourcesBuildPhase;
			buildActionMask = 2147483647;
			files = (
			);
			runOnlyForDeploymentPostprocessing = 0;
		};
		850198082C8B1ED8000BA900 /* Resources */ = {
			isa = PBXResourcesBuildPhase;
			buildActionMask = 2147483647;
			files = (
			);
			runOnlyForDeploymentPostprocessing = 0;
		};
/* End PBXResourcesBuildPhase section */

/* Begin PBXSourcesBuildPhase section */
		850197EB2C8B1ED7000BA900 /* Sources */ = {
			isa = PBXSourcesBuildPhase;
			buildActionMask = 2147483647;
			files = (
				850197F52C8B1ED7000BA900 /* ContentView.swift in Sources */,
				850197F32C8B1ED7000BA900 /* spotify_cloneApp.swift in Sources */,
			);
			runOnlyForDeploymentPostprocessing = 0;
		};
		850197FC2C8B1ED8000BA900 /* Sources */ = {
			isa = PBXSourcesBuildPhase;
			buildActionMask = 2147483647;
			files = (
				850198052C8B1ED8000BA900 /* spotify_cloneTests.swift in Sources */,
			);
			runOnlyForDeploymentPostprocessing = 0;
		};
		850198062C8B1ED8000BA900 /* Sources */ = {
			isa = PBXSourcesBuildPhase;
			buildActionMask = 2147483647;
			files = (
				8501980F2C8B1ED8000BA900 /* spotify_cloneUITests.swift in Sources */,
				850198112C8B1ED8000BA900 /* spotify_cloneUITestsLaunchTests.swift in Sources */,
			);
			runOnlyForDeploymentPostprocessing = 0;
		};
/* End PBXSourcesBuildPhase section */

/* Begin PBXTargetDependency section */
		850198022C8B1ED8000BA900 /* PBXTargetDependency */ = {
			isa = PBXTargetDependency;
			target = 850197EE2C8B1ED7000BA900 /* spotify_clone */;
			targetProxy = 850198012C8B1ED8000BA900 /* PBXContainerItemProxy */;
		};
		8501980C2C8B1ED8000BA900 /* PBXTargetDependency */ = {
			isa = PBXTargetDependency;
			target = 850197EE2C8B1ED7000BA900 /* spotify_clone */;
			targetProxy = 8501980B2C8B1ED8000BA900 /* PBXContainerItemProxy */;
		};
/* End PBXTargetDependency section */

/* Begin XCBuildConfiguration section */
		850198122C8B1ED8000BA900 /* Debug */ = {
			isa = XCBuildConfiguration;
			buildSettings = {
				ALWAYS_SEARCH_USER_PATHS = NO;
				ASSETCATALOG_COMPILER_GENERATE_SWIFT_ASSET_SYMBOL_EXTENSIONS = YES;
				CLANG_ANALYZER_NONNULL = YES;
				CLANG_ANALYZER_NUMBER_OBJECT_CONVERSION = YES_AGGRESSIVE;
				CLANG_CXX_LANGUAGE_STANDARD = "gnu++20";
				CLANG_ENABLE_MODULES = YES;
				CLANG_ENABLE_OBJC_ARC = YES;
				CLANG_ENABLE_OBJC_WEAK = YES;
				CLANG_WARN_BLOCK_CAPTURE_AUTORELEASING = YES;
				CLANG_WARN_BOOL_CONVERSION = YES;
				CLANG_WARN_COMMA = YES;
				CLANG_WARN_CONSTANT_CONVERSION = YES;
				CLANG_WARN_DEPRECATED_OBJC_IMPLEMENTATIONS = YES;
				CLANG_WARN_DIRECT_OBJC_ISA_USAGE = YES_ERROR;
				CLANG_WARN_DOCUMENTATION_COMMENTS = YES;
				CLANG_WARN_EMPTY_BODY = YES;
				CLANG_WARN_ENUM_CONVERSION = YES;
				CLANG_WARN_INFINITE_RECURSION = YES;
				CLANG_WARN_INT_CONVERSION = YES;
				CLANG_WARN_NON_LITERAL_NULL_CONVERSION = YES;
				CLANG_WARN_OBJC_IMPLICIT_RETAIN_SELF = YES;
				CLANG_WARN_OBJC_LITERAL_CONVERSION = YES;
				CLANG_WARN_OBJC_ROOT_CLASS = YES_ERROR;
				CLANG_WARN_QUOTED_INCLUDE_IN_FRAMEWORK_HEADER = YES;
				CLANG_WARN_RANGE_LOOP_ANALYSIS = YES;
				CLANG_WARN_STRICT_PROTOTYPES = YES;
				CLANG_WARN_SUSPICIOUS_MOVE = YES;
				CLANG_WARN_UNGUARDED_AVAILABILITY = YES_AGGRESSIVE;
				CLANG_WARN_UNREACHABLE_CODE = YES;
				CLANG_WARN__DUPLICATE_METHOD_MATCH = YES;
				COPY_PHASE_STRIP = NO;
				DEBUG_INFORMATION_FORMAT = dwarf;
				ENABLE_STRICT_OBJC_MSGSEND = YES;
				ENABLE_TESTABILITY = YES;
				ENABLE_USER_SCRIPT_SANDBOXING = YES;
				GCC_C_LANGUAGE_STANDARD = gnu17;
				GCC_DYNAMIC_NO_PIC = NO;
				GCC_NO_COMMON_BLOCKS = YES;
				GCC_OPTIMIZATION_LEVEL = 0;
				GCC_PREPROCESSOR_DEFINITIONS = (
					"DEBUG=1",
					"$(inherited)",
				);
				GCC_WARN_64_TO_32_BIT_CONVERSION = YES;
				GCC_WARN_ABOUT_RETURN_TYPE = YES_ERROR;
				GCC_WARN_UNDECLARED_SELECTOR = YES;
				GCC_WARN_UNINITIALIZED_AUTOS = YES_AGGRESSIVE;
				GCC_WARN_UNUSED_FUNCTION = YES;
				GCC_WARN_UNUSED_VARIABLE = YES;
				LOCALIZATION_PREFERS_STRING_CATALOGS = YES;
				MTL_ENABLE_DEBUG_INFO = INCLUDE_SOURCE;
				MTL_FAST_MATH = YES;
				ONLY_ACTIVE_ARCH = YES;
				SWIFT_ACTIVE_COMPILATION_CONDITIONS = "DEBUG $(inherited)";
				SWIFT_OPTIMIZATION_LEVEL = "-Onone";
			};
			name = Debug;
		};
		850198132C8B1ED8000BA900 /* Release */ = {
			isa = XCBuildConfiguration;
			buildSettings = {
				ALWAYS_SEARCH_USER_PATHS = NO;
				ASSETCATALOG_COMPILER_GENERATE_SWIFT_ASSET_SYMBOL_EXTENSIONS = YES;
				CLANG_ANALYZER_NONNULL = YES;
				CLANG_ANALYZER_NUMBER_OBJECT_CONVERSION = YES_AGGRESSIVE;
				CLANG_CXX_LANGUAGE_STANDARD = "gnu++20";
				CLANG_ENABLE_MODULES = YES;
				CLANG_ENABLE_OBJC_ARC = YES;
				CLANG_ENABLE_OBJC_WEAK = YES;
				CLANG_WARN_BLOCK_CAPTURE_AUTORELEASING = YES;
				CLANG_WARN_BOOL_CONVERSION = YES;
				CLANG_WARN_COMMA = YES;
				CLANG_WARN_CONSTANT_CONVERSION = YES;
				CLANG_WARN_DEPRECATED_OBJC_IMPLEMENTATIONS = YES;
				CLANG_WARN_DIRECT_OBJC_ISA_USAGE = YES_ERROR;
				CLANG_WARN_DOCUMENTATION_COMMENTS = YES;
				CLANG_WARN_EMPTY_BODY = YES;
				CLANG_WARN_ENUM_CONVERSION = YES;
				CLANG_WARN_INFINITE_RECURSION = YES;
				CLANG_WARN_INT_CONVERSION = YES;
				CLANG_WARN_NON_LITERAL_NULL_CONVERSION = YES;
				CLANG_WARN_OBJC_IMPLICIT_RETAIN_SELF = YES;
				CLANG_WARN_OBJC_LITERAL_CONVERSION = YES;
				CLANG_WARN_OBJC_ROOT_CLASS = YES_ERROR;
				CLANG_WARN_QUOTED_INCLUDE_IN_FRAMEWORK_HEADER = YES;
				CLANG_WARN_RANGE_LOOP_ANALYSIS = YES;
				CLANG_WARN_STRICT_PROTOTYPES = YES;
				CLANG_WARN_SUSPICIOUS_MOVE = YES;
				CLANG_WARN_UNGUARDED_AVAILABILITY = YES_AGGRESSIVE;
				CLANG_WARN_UNREACHABLE_CODE = YES;
				CLANG_WARN__DUPLICATE_METHOD_MATCH = YES;
				COPY_PHASE_STRIP = NO;
				DEBUG_INFORMATION_FORMAT = "dwarf-with-dsym";
				ENABLE_NS_ASSERTIONS = NO;
				ENABLE_STRICT_OBJC_MSGSEND = YES;
				ENABLE_USER_SCRIPT_SANDBOXING = YES;
				GCC_C_LANGUAGE_STANDARD = gnu17;
				GCC_NO_COMMON_BLOCKS = YES;
				GCC_WARN_64_TO_32_BIT_CONVERSION = YES;
				GCC_WARN_ABOUT_RETURN_TYPE = YES_ERROR;
				GCC_WARN_UNDECLARED_SELECTOR = YES;
				GCC_WARN_UNINITIALIZED_AUTOS = YES_AGGRESSIVE;
				GCC_WARN_UNUSED_FUNCTION = YES;
				GCC_WARN_UNUSED_VARIABLE = YES;
				LOCALIZATION_PREFERS_STRING_CATALOGS = YES;
				MTL_ENABLE_DEBUG_INFO = NO;
				MTL_FAST_MATH = YES;
				SWIFT_COMPILATION_MODE = wholemodule;
			};
			name = Release;
		};
		850198152C8B1ED8000BA900 /* Debug */ = {
			isa = XCBuildConfiguration;
			buildSettings = {
				ASSETCATALOG_COMPILER_APPICON_NAME = AppIcon;
				ASSETCATALOG_COMPILER_GLOBAL_ACCENT_COLOR_NAME = AccentColor;
				CODE_SIGN_ENTITLEMENTS = spotify_clone/spotify_clone.entitlements;
				CODE_SIGN_STYLE = Automatic;
				CURRENT_PROJECT_VERSION = 1;
				DEVELOPMENT_ASSET_PATHS = "\"spotify_clone/Preview Content\"";
				ENABLE_PREVIEWS = YES;
				GENERATE_INFOPLIST_FILE = YES;
				"INFOPLIST_KEY_UIApplicationSceneManifest_Generation[sdk=iphoneos*]" = YES;
				"INFOPLIST_KEY_UIApplicationSceneManifest_Generation[sdk=iphonesimulator*]" = YES;
				"INFOPLIST_KEY_UIApplicationSupportsIndirectInputEvents[sdk=iphoneos*]" = YES;
				"INFOPLIST_KEY_UIApplicationSupportsIndirectInputEvents[sdk=iphonesimulator*]" = YES;
				"INFOPLIST_KEY_UILaunchScreen_Generation[sdk=iphoneos*]" = YES;
				"INFOPLIST_KEY_UILaunchScreen_Generation[sdk=iphonesimulator*]" = YES;
				"INFOPLIST_KEY_UIStatusBarStyle[sdk=iphoneos*]" = UIStatusBarStyleDefault;
				"INFOPLIST_KEY_UIStatusBarStyle[sdk=iphonesimulator*]" = UIStatusBarStyleDefault;
				INFOPLIST_KEY_UISupportedInterfaceOrientations_iPad = "UIInterfaceOrientationPortrait UIInterfaceOrientationPortraitUpsideDown UIInterfaceOrientationLandscapeLeft UIInterfaceOrientationLandscapeRight";
				INFOPLIST_KEY_UISupportedInterfaceOrientations_iPhone = "UIInterfaceOrientationPortrait UIInterfaceOrientationLandscapeLeft UIInterfaceOrientationLandscapeRight";
				IPHONEOS_DEPLOYMENT_TARGET = 17.5;
				LD_RUNPATH_SEARCH_PATHS = "@executable_path/Frameworks";
				"LD_RUNPATH_SEARCH_PATHS[sdk=macosx*]" = "@executable_path/../Frameworks";
				MACOSX_DEPLOYMENT_TARGET = 14.5;
				MARKETING_VERSION = 1.0;
				PRODUCT_BUNDLE_IDENTIFIER = "kreedo.spotify-clone";
				PRODUCT_NAME = "$(TARGET_NAME)";
				SDKROOT = auto;
				SUPPORTED_PLATFORMS = "iphoneos iphonesimulator macosx";
				SWIFT_EMIT_LOC_STRINGS = YES;
				SWIFT_VERSION = 5.0;
				TARGETED_DEVICE_FAMILY = "1,2";
			};
			name = Debug;
		};
		850198162C8B1ED8000BA900 /* Release */ = {
			isa = XCBuildConfiguration;
			buildSettings = {
				ASSETCATALOG_COMPILER_APPICON_NAME = AppIcon;
				ASSETCATALOG_COMPILER_GLOBAL_ACCENT_COLOR_NAME = AccentColor;
				CODE_SIGN_ENTITLEMENTS = spotify_clone/spotify_clone.entitlements;
				CODE_SIGN_STYLE = Automatic;
				CURRENT_PROJECT_VERSION = 1;
				DEVELOPMENT_ASSET_PATHS = "\"spotify_clone/Preview Content\"";
				ENABLE_PREVIEWS = YES;
				GENERATE_INFOPLIST_FILE = YES;
				"INFOPLIST_KEY_UIApplicationSceneManifest_Generation[sdk=iphoneos*]" = YES;
				"INFOPLIST_KEY_UIApplicationSceneManifest_Generation[sdk=iphonesimulator*]" = YES;
				"INFOPLIST_KEY_UIApplicationSupportsIndirectInputEvents[sdk=iphoneos*]" = YES;
				"INFOPLIST_KEY_UIApplicationSupportsIndirectInputEvents[sdk=iphonesimulator*]" = YES;
				"INFOPLIST_KEY_UILaunchScreen_Generation[sdk=iphoneos*]" = YES;
				"INFOPLIST_KEY_UILaunchScreen_Generation[sdk=iphonesimulator*]" = YES;
				"INFOPLIST_KEY_UIStatusBarStyle[sdk=iphoneos*]" = UIStatusBarStyleDefault;
				"INFOPLIST_KEY_UIStatusBarStyle[sdk=iphonesimulator*]" = UIStatusBarStyleDefault;
				INFOPLIST_KEY_UISupportedInterfaceOrientations_iPad = "UIInterfaceOrientationPortrait UIInterfaceOrientationPortraitUpsideDown UIInterfaceOrientationLandscapeLeft UIInterfaceOrientationLandscapeRight";
				INFOPLIST_KEY_UISupportedInterfaceOrientations_iPhone = "UIInterfaceOrientationPortrait UIInterfaceOrientationLandscapeLeft UIInterfaceOrientationLandscapeRight";
				IPHONEOS_DEPLOYMENT_TARGET = 17.5;
				LD_RUNPATH_SEARCH_PATHS = "@executable_path/Frameworks";
				"LD_RUNPATH_SEARCH_PATHS[sdk=macosx*]" = "@executable_path/../Frameworks";
				MACOSX_DEPLOYMENT_TARGET = 14.5;
				MARKETING_VERSION = 1.0;
				PRODUCT_BUNDLE_IDENTIFIER = "kreedo.spotify-clone";
				PRODUCT_NAME = "$(TARGET_NAME)";
				SDKROOT = auto;
				SUPPORTED_PLATFORMS = "iphoneos iphonesimulator macosx";
				SWIFT_EMIT_LOC_STRINGS = YES;
				SWIFT_VERSION = 5.0;
				TARGETED_DEVICE_FAMILY = "1,2";
			};
			name = Release;
		};
		850198182C8B1ED8000BA900 /* Debug */ = {
			isa = XCBuildConfiguration;
			buildSettings = {
				ALWAYS_EMBED_SWIFT_STANDARD_LIBRARIES = YES;
				BUNDLE_LOADER = "$(TEST_HOST)";
				CODE_SIGN_STYLE = Automatic;
				CURRENT_PROJECT_VERSION = 1;
				GENERATE_INFOPLIST_FILE = YES;
				IPHONEOS_DEPLOYMENT_TARGET = 17.5;
				MACOSX_DEPLOYMENT_TARGET = 14.5;
				MARKETING_VERSION = 1.0;
				PRODUCT_BUNDLE_IDENTIFIER = "kreedo.spotify-cloneTests";
				PRODUCT_NAME = "$(TARGET_NAME)";
				SDKROOT = auto;
				SUPPORTED_PLATFORMS = "iphoneos iphonesimulator macosx";
				SWIFT_EMIT_LOC_STRINGS = NO;
				SWIFT_VERSION = 5.0;
				TARGETED_DEVICE_FAMILY = "1,2";
				TEST_HOST = "$(BUILT_PRODUCTS_DIR)/spotify_clone.app/$(BUNDLE_EXECUTABLE_FOLDER_PATH)/spotify_clone";
			};
			name = Debug;
		};
		850198192C8B1ED8000BA900 /* Release */ = {
			isa = XCBuildConfiguration;
			buildSettings = {
				ALWAYS_EMBED_SWIFT_STANDARD_LIBRARIES = YES;
				BUNDLE_LOADER = "$(TEST_HOST)";
				CODE_SIGN_STYLE = Automatic;
				CURRENT_PROJECT_VERSION = 1;
				GENERATE_INFOPLIST_FILE = YES;
				IPHONEOS_DEPLOYMENT_TARGET = 17.5;
				MACOSX_DEPLOYMENT_TARGET = 14.5;
				MARKETING_VERSION = 1.0;
				PRODUCT_BUNDLE_IDENTIFIER = "kreedo.spotify-cloneTests";
				PRODUCT_NAME = "$(TARGET_NAME)";
				SDKROOT = auto;
				SUPPORTED_PLATFORMS = "iphoneos iphonesimulator macosx";
				SWIFT_EMIT_LOC_STRINGS = NO;
				SWIFT_VERSION = 5.0;
				TARGETED_DEVICE_FAMILY = "1,2";
				TEST_HOST = "$(BUILT_PRODUCTS_DIR)/spotify_clone.app/$(BUNDLE_EXECUTABLE_FOLDER_PATH)/spotify_clone";
			};
			name = Release;
		};
		8501981B2C8B1ED8000BA900 /* Debug */ = {
			isa = XCBuildConfiguration;
			buildSettings = {
				ALWAYS_EMBED_SWIFT_STANDARD_LIBRARIES = YES;
				CODE_SIGN_STYLE = Automatic;
				CURRENT_PROJECT_VERSION = 1;
				GENERATE_INFOPLIST_FILE = YES;
				IPHONEOS_DEPLOYMENT_TARGET = 17.5;
				MACOSX_DEPLOYMENT_TARGET = 14.5;
				MARKETING_VERSION = 1.0;
				PRODUCT_BUNDLE_IDENTIFIER = "kreedo.spotify-cloneUITests";
				PRODUCT_NAME = "$(TARGET_NAME)";
				SDKROOT = auto;
				SUPPORTED_PLATFORMS = "iphoneos iphonesimulator macosx";
				SWIFT_EMIT_LOC_STRINGS = NO;
				SWIFT_VERSION = 5.0;
				TARGETED_DEVICE_FAMILY = "1,2";
				TEST_TARGET_NAME = spotify_clone;
			};
			name = Debug;
		};
		8501981C2C8B1ED8000BA900 /* Release */ = {
			isa = XCBuildConfiguration;
			buildSettings = {
				ALWAYS_EMBED_SWIFT_STANDARD_LIBRARIES = YES;
				CODE_SIGN_STYLE = Automatic;
				CURRENT_PROJECT_VERSION = 1;
				GENERATE_INFOPLIST_FILE = YES;
				IPHONEOS_DEPLOYMENT_TARGET = 17.5;
				MACOSX_DEPLOYMENT_TARGET = 14.5;
				MARKETING_VERSION = 1.0;
				PRODUCT_BUNDLE_IDENTIFIER = "kreedo.spotify-cloneUITests";
				PRODUCT_NAME = "$(TARGET_NAME)";
				SDKROOT = auto;
				SUPPORTED_PLATFORMS = "iphoneos iphonesimulator macosx";
				SWIFT_EMIT_LOC_STRINGS = NO;
				SWIFT_VERSION = 5.0;
				TARGETED_DEVICE_FAMILY = "1,2";
				TEST_TARGET_NAME = spotify_clone;
			};
			name = Release;
		};
/* End XCBuildConfiguration section */

/* Begin XCConfigurationList section */
		850197EA2C8B1ED7000BA900 /* Build configuration list for PBXProject "spotify_clone" */ = {
			isa = XCConfigurationList;
			buildConfigurations = (
				850198122C8B1ED8000BA900 /* Debug */,
				850198132C8B1ED8000BA900 /* Release */,
			);
			defaultConfigurationIsVisible = 0;
			defaultConfigurationName = Release;
		};
		850198142C8B1ED8000BA900 /* Build configuration list for PBXNativeTarget "spotify_clone" */ = {
			isa = XCConfigurationList;
			buildConfigurations = (
				850198152C8B1ED8000BA900 /* Debug */,
				850198162C8B1ED8000BA900 /* Release */,
			);
			defaultConfigurationIsVisible = 0;
			defaultConfigurationName = Release;
		};
		850198172C8B1ED8000BA900 /* Build configuration list for PBXNativeTarget "spotify_cloneTests" */ = {
			isa = XCConfigurationList;
			buildConfigurations = (
				850198182C8B1ED8000BA900 /* Debug */,
				850198192C8B1ED8000BA900 /* Release */,
			);
			defaultConfigurationIsVisible = 0;
			defaultConfigurationName = Release;
		};
		8501981A2C8B1ED8000BA900 /* Build configuration list for PBXNativeTarget "spotify_cloneUITests" */ = {
			isa = XCConfigurationList;
			buildConfigurations = (
				8501981B2C8B1ED8000BA900 /* Debug */,
				8501981C2C8B1ED8000BA900 /* Release */,
			);
			defaultConfigurationIsVisible = 0;
			defaultConfigurationName = Release;
		};
/* End XCConfigurationList section */
	};
	rootObject = 850197E72C8B1ED7000BA900 /* Project object */;
}
